
Microsoft Visual Studio Solution File, Format Version 12.00
# Visual Studio 14
VisualStudioVersion = 14.0.25420.1
MinimumVisualStudioVersion = 10.0.40219.1
Project("{2150E333-8FDC-42A3-9474-1A3956D46DE8}") = "src", "src", "{8C736842-EEA7-4A23-8D3B-E8DE5FF6080C}"
EndProject
Project("{2150E333-8FDC-42A3-9474-1A3956D46DE8}") = "Solution Items", "Solution Items", "{46A56264-E843-4A86-B43C-33D33D29C2DF}"
	ProjectSection(SolutionItems) = preProject
		global.json = global.json
	EndProjectSection
EndProject
Project("{8BB2217D-0F2D-49D1-97BC-3654ED321F3B}") = "hostname-core", "src\hostname-core.xproj", "{62FC3D4E-9CBE-4508-9ABB-D76FE1615CD0}"
EndProject
Global
	GlobalSection(SolutionConfigurationPlatforms) = preSolution
		Debug|Any CPU = Debug|Any CPU
		Release|Any CPU = Release|Any CPU
	EndGlobalSection
	GlobalSection(ProjectConfigurationPlatforms) = postSolution
		{62FC3D4E-9CBE-4508-9ABB-D76FE1615CD0}.Debug|Any CPU.ActiveCfg = Debug|Any CPU
		{62FC3D4E-9CBE-4508-9ABB-D76FE1615CD0}.Debug|Any CPU.Build.0 = Debug|Any CPU
		{62FC3D4E-9CBE-4508-9ABB-D76FE1615CD0}.Release|Any CPU.ActiveCfg = Release|Any CPU
		{62FC3D4E-9CBE-4508-9ABB-D76FE1615CD0}.Release|Any CPU.Build.0 = Release|Any CPU
	EndGlobalSection
	GlobalSection(SolutionProperties) = preSolution
		HideSolutionNode = FALSE
	EndGlobalSection
	GlobalSection(NestedProjects) = preSolution
		{62FC3D4E-9CBE-4508-9ABB-D76FE1615CD0} = {8C736842-EEA7-4A23-8D3B-E8DE5FF6080C}
	EndGlobalSection
EndGlobal
